
Microsoft Visual Studio Solution File, Format Version 12.00
# Visual Studio Version 16
VisualStudioVersion = 16.0.31019.35
MinimumVisualStudioVersion = 10.0.40219.1
Project("{FAE04EC0-301F-11D3-BF4B-00C04F79EFBC}") = "YarnEye.WebApi", "YarnEye.WebApi.csproj", "{D091CC43-A021-43C0-ACB1-D8D6B0F02B7F}"
EndProject
Global
	GlobalSection(SolutionConfigurationPlatforms) = preSolution
		Debug|Any CPU = Debug|Any CPU
		Release|Any CPU = Release|Any CPU
	EndGlobalSection
	GlobalSection(ProjectConfigurationPlatforms) = postSolution
		{D091CC43-A021-43C0-ACB1-D8D6B0F02B7F}.Debug|Any CPU.ActiveCfg = Debug|Any CPU
		{D091CC43-A021-43C0-ACB1-D8D6B0F02B7F}.Debug|Any CPU.Build.0 = Debug|Any CPU
		{D091CC43-A021-43C0-ACB1-D8D6B0F02B7F}.Release|Any CPU.ActiveCfg = Release|Any CPU
		{D091CC43-A021-43C0-ACB1-D8D6B0F02B7F}.Release|Any CPU.Build.0 = Release|Any CPU
	EndGlobalSection
	GlobalSection(SolutionProperties) = preSolution
		HideSolutionNode = FALSE
	EndGlobalSection
	GlobalSection(ExtensibilityGlobals) = postSolution
		SolutionGuid = {4A4237F0-7D30-46F6-A85B-7F4F9961A6EB}
	EndGlobalSection
EndGlobal
